Microsoft Visual Studio Solution File, Format Version 12.00
# Visual Studio Version 16
VisualStudioVersion = 16.0.30804.86
MinimumVisualStudioVersion = 10.0.40219.1
Project("{FAE04EC0-301F-11D3-BF4B-00C04F79EFBC}") = "AdminCon_CLI_dotnetEdition", "AdminCon_CLI_dotnetEdition.csproj", "{46A91338-BB36-4656-B7F2-80625EC6570D}"
EndProject
Project("{2150E333-8FDC-42A3-9474-1A3956D46DE8}") = "Solution Items", "Solution Items", "{43D2F2D1-8B79-4366-ABB9-F00C3BA385B9}"
EndProject
Global
	GlobalSection(SolutionConfigurationPlatforms) = preSolution
		Debug|Any CPU = Debug|Any CPU
		Debug|x64 = Debug|x64
		Release|Any CPU = Release|Any CPU
		Release|x64 = Release|x64
	EndGlobalSection
	GlobalSection(ProjectConfigurationPlatforms) = postSolution
		{46A91338-BB36-4656-B7F2-80625EC6570D}.Debug|Any CPU.ActiveCfg = Debug|Any CPU
		{46A91338-BB36-4656-B7F2-80625EC6570D}.Debug|Any CPU.Build.0 = Debug|Any CPU
		{46A91338-BB36-4656-B7F2-80625EC6570D}.Debug|x64.ActiveCfg = Debug|x64
		{46A91338-BB36-4656-B7F2-80625EC6570D}.Debug|x64.Build.0 = Debug|x64
		{46A91338-BB36-4656-B7F2-80625EC6570D}.Release|Any CPU.ActiveCfg = Release|Any CPU
		{46A91338-BB36-4656-B7F2-80625EC6570D}.Release|Any CPU.Build.0 = Release|Any CPU
		{46A91338-BB36-4656-B7F2-80625EC6570D}.Release|x64.ActiveCfg = Release|x64
		{46A91338-BB36-4656-B7F2-80625EC6570D}.Release|x64.Build.0 = Release|x64
	EndGlobalSection
	GlobalSection(SolutionProperties) = preSolution
		HideSolutionNode = FALSE
	EndGlobalSection
	GlobalSection(ExtensibilityGlobals) = postSolution
		SolutionGuid = {048E5079-5765-4F9A-A53B-B3185C2DCC3B}
	EndGlobalSection
EndGlobal
